
Microsoft Visual Studio Solution File, Format Version 12.00
# Visual Studio 15
VisualStudioVersion = 15.0.28307.1145
MinimumVisualStudioVersion = 10.0.40219.1
Project("{FAE04EC0-301F-11D3-BF4B-00C04F79EFBC}") = "FTPClient", "FTPClient\FTPClient.csproj", "{E169FE6A-8316-4B63-A300-C8BDFCC83CE2}"
EndProject
Project("{FAE04EC0-301F-11D3-BF4B-00C04F79EFBC}") = "FTPUtil", "FTPUtil\FTPUtil.csproj", "{7F70B075-F18E-4889-8CC4-C4259F21813B}"
EndProject
Project("{FAE04EC0-301F-11D3-BF4B-00C04F79EFBC}") = "UnitTestProject", "UnitTestProject\UnitTestProject.csproj", "{61BE37BC-9ECD-45AE-A3AA-23F8F7E51FCC}"
EndProject
Global
	GlobalSection(SolutionConfigurationPlatforms) = preSolution
		Debug|Any CPU = Debug|Any CPU
		Release|Any CPU = Release|Any CPU
	EndGlobalSection
	GlobalSection(ProjectConfigurationPlatforms) = postSolution
		{E169FE6A-8316-4B63-A300-C8BDFCC83CE2}.Debug|Any CPU.ActiveCfg = Debug|Any CPU
		{E169FE6A-8316-4B63-A300-C8BDFCC83CE2}.Debug|Any CPU.Build.0 = Debug|Any CPU
		{E169FE6A-8316-4B63-A300-C8BDFCC83CE2}.Release|Any CPU.ActiveCfg = Release|Any CPU
		{E169FE6A-8316-4B63-A300-C8BDFCC83CE2}.Release|Any CPU.Build.0 = Release|Any CPU
		{7F70B075-F18E-4889-8CC4-C4259F21813B}.Debug|Any CPU.ActiveCfg = Debug|Any CPU
		{7F70B075-F18E-4889-8CC4-C4259F21813B}.Debug|Any CPU.Build.0 = Debug|Any CPU
		{7F70B075-F18E-4889-8CC4-C4259F21813B}.Release|Any CPU.ActiveCfg = Release|Any CPU
		{7F70B075-F18E-4889-8CC4-C4259F21813B}.Release|Any CPU.Build.0 = Release|Any CPU
		{61BE37BC-9ECD-45AE-A3AA-23F8F7E51FCC}.Debug|Any CPU.ActiveCfg = Debug|Any CPU
		{61BE37BC-9ECD-45AE-A3AA-23F8F7E51FCC}.Debug|Any CPU.Build.0 = Debug|Any CPU
		{61BE37BC-9ECD-45AE-A3AA-23F8F7E51FCC}.Release|Any CPU.ActiveCfg = Release|Any CPU
		{61BE37BC-9ECD-45AE-A3AA-23F8F7E51FCC}.Release|Any CPU.Build.0 = Release|Any CPU
	EndGlobalSection
	GlobalSection(SolutionProperties) = preSolution
		HideSolutionNode = FALSE
	EndGlobalSection
	GlobalSection(ExtensibilityGlobals) = postSolution
		SolutionGuid = {843E831F-3DBE-49ED-8B5D-7734EA23064F}
	EndGlobalSection
EndGlobal
